
Microsoft Visual Studio Solution File, Format Version 12.00
# Visual Studio Version 17
VisualStudioVersion = 17.3.32922.545
MinimumVisualStudioVersion = 10.0.40219.1
Project("{FAE04EC0-301F-11D3-BF4B-00C04F79EFBC}") = "LEC_07_HW", "LEC_07_HW.csproj", "{DA4AFC6D-12D1-4C2B-802A-A206E2256086}"
EndProject
Global
	GlobalSection(SolutionConfigurationPlatforms) = preSolution
		Debug|Any CPU = Debug|Any CPU
		Release|Any CPU = Release|Any CPU
	EndGlobalSection
	GlobalSection(ProjectConfigurationPlatforms) = postSolution
		{DA4AFC6D-12D1-4C2B-802A-A206E2256086}.Debug|Any CPU.ActiveCfg = Debug|Any CPU
		{DA4AFC6D-12D1-4C2B-802A-A206E2256086}.Debug|Any CPU.Build.0 = Debug|Any CPU
		{DA4AFC6D-12D1-4C2B-802A-A206E2256086}.Release|Any CPU.ActiveCfg = Release|Any CPU
		{DA4AFC6D-12D1-4C2B-802A-A206E2256086}.Release|Any CPU.Build.0 = Release|Any CPU
	EndGlobalSection
	GlobalSection(SolutionProperties) = preSolution
		HideSolutionNode = FALSE
	EndGlobalSection
	GlobalSection(ExtensibilityGlobals) = postSolution
		SolutionGuid = {C0503C32-7857-450D-8B65-AB75B41EDD77}
	EndGlobalSection
EndGlobal
